Microsoft Visual Studio Solution File, Format Version 12.00
# Visual Studio Version 17
VisualStudioVersion = 17.5.2.0
MinimumVisualStudioVersion = 10.0.40219.1
Project("{FAE04EC0-301F-11D3-BF4B-00C04F79EFBC}") = "TeraLinkaCareApi", "TeraLinkaCareApi.csproj", "{B6111B59-AD68-54CC-3791-D1FC1EDC00C5}"
EndProject
Global
	GlobalSection(SolutionConfigurationPlatforms) = preSolution
		Debug|Any CPU = Debug|Any CPU
		Release|Any CPU = Release|Any CPU
	EndGlobalSection
	GlobalSection(ProjectConfigurationPlatforms) = postSolution
		{B6111B59-AD68-54CC-3791-D1FC1EDC00C5}.Debug|Any CPU.ActiveCfg = Debug|Any CPU
		{B6111B59-AD68-54CC-3791-D1FC1EDC00C5}.Debug|Any CPU.Build.0 = Debug|Any CPU
		{B6111B59-AD68-54CC-3791-D1FC1EDC00C5}.Release|Any CPU.ActiveCfg = Release|Any CPU
		{B6111B59-AD68-54CC-3791-D1FC1EDC00C5}.Release|Any CPU.Build.0 = Release|Any CPU
	EndGlobalSection
	GlobalSection(SolutionProperties) = preSolution
		HideSolutionNode = FALSE
	EndGlobalSection
	GlobalSection(ExtensibilityGlobals) = postSolution
		SolutionGuid = {9301FAB3-D1B4-477E-A94F-8949DC75980B}
	EndGlobalSection
EndGlobal
